
Microsoft Visual Studio Solution File, Format Version 11.00
# Visual Studio 2010
Project("{2150E333-8FDC-42A3-9474-1A3956D46DE8}") = "Business", "Business", "{7B3F1778-92B7-4AAB-ADAF-761BD7E3A976}"
EndProject
Project("{2150E333-8FDC-42A3-9474-1A3956D46DE8}") = "Service", "Service", "{45203DDE-9398-46B3-8796-8DE5405DF7E1}"
EndProject
Project("{2150E333-8FDC-42A3-9474-1A3956D46DE8}") = "Data", "Data", "{3B0AE912-A343-487E-88C0-B7950DEE4275}"
EndProject
Project("{2150E333-8FDC-42A3-9474-1A3956D46DE8}") = "Presentation", "Presentation", "{03A4C514-993D-459C-88C4-41F59F7D230C}"
EndProject
Project("{2150E333-8FDC-42A3-9474-1A3956D46DE8}") = "Win_App", "Win_App", "{226DDB40-6EDC-4049-A9AA-7A1786858761}"
EndProject
Project("{FAE04EC0-301F-11D3-BF4B-00C04F79EFBC}") = "IMS_Service", "IMS_Service\IMS_Service.csproj", "{57458B2B-E8CF-40AE-ADA7-202C20EC0151}"
EndProject
Project("{FAE04EC0-301F-11D3-BF4B-00C04F79EFBC}") = "IMS_Business", "IMS_Business\IMS_Business.csproj", "{F3F5D383-9191-4936-8674-E816D503EB4A}"
EndProject
Project("{FAE04EC0-301F-11D3-BF4B-00C04F79EFBC}") = "IMS_Entity", "IMS_Entity\IMS_Entity.csproj", "{EB18B49F-1D18-4E29-95E7-187D4FEE28BE}"
EndProject
Project("{FAE04EC0-301F-11D3-BF4B-00C04F79EFBC}") = "Utility", "Utility\Utility.csproj", "{28FEC1FF-7CE7-403F-8D2B-B58C9CC742D2}"
EndProject
Project("{FAE04EC0-301F-11D3-BF4B-00C04F79EFBC}") = "IMS_Data", "IMS_Data\IMS_Data.csproj", "{EC7EDAB1-FE31-430F-8B6B-A7699F78DCC7}"
EndProject
Project("{FAE04EC0-301F-11D3-BF4B-00C04F79EFBC}") = "IMS_Win", "IMS_Win\IMS_Win.csproj", "{1C811F32-3883-489E-901D-E1B2CF490A9F}"
EndProject
Project("{FAE04EC0-301F-11D3-BF4B-00C04F79EFBC}") = "DB_Restore_Manager", "..\DB_Restore_Manager\DB_Restore_Manager\DB_Restore_Manager.csproj", "{73F9A043-3522-4CB3-8BAF-405E891E3ADE}"
EndProject
Project("{54435603-DBB4-11D2-8724-00A0C9A8B90C}") = "Express Retail_Setup", "ExpressRetail_Setup\ExpressRetail_Setup.vdproj", "{F09253DC-0503-4537-8199-3A4D32EA7726}"
EndProject
Project("{54435603-DBB4-11D2-8724-00A0C9A8B90C}") = "Express Retail-Setup", "ExpressRetail-Setup\ExpressRetail-Setup.vdproj", "{615DBB97-89E7-4934-8B68-E6AF23DA38A9}"
EndProject
Global
	GlobalSection(SolutionConfigurationPlatforms) = preSolution
		CD_ROM|Any CPU = CD_ROM|Any CPU
		CD_ROM|Mixed Platforms = CD_ROM|Mixed Platforms
		CD_ROM|x86 = CD_ROM|x86
		Debug|Any CPU = Debug|Any CPU
		Debug|Mixed Platforms = Debug|Mixed Platforms
		Debug|x86 = Debug|x86
		DVD-5|Any CPU = DVD-5|Any CPU
		DVD-5|Mixed Platforms = DVD-5|Mixed Platforms
		DVD-5|x86 = DVD-5|x86
		Release|Any CPU = Release|Any CPU
		Release|Mixed Platforms = Release|Mixed Platforms
		Release|x86 = Release|x86
		SingleImage|Any CPU = SingleImage|Any CPU
		SingleImage|Mixed Platforms = SingleImage|Mixed Platforms
		SingleImage|x86 = SingleImage|x86
	EndGlobalSection
	GlobalSection(ProjectConfigurationPlatforms) = postSolution
		{57458B2B-E8CF-40AE-ADA7-202C20EC0151}.CD_ROM|Any CPU.ActiveCfg = Release|Any CPU
		{57458B2B-E8CF-40AE-ADA7-202C20EC0151}.CD_ROM|Any CPU.Build.0 = Release|Any CPU
		{57458B2B-E8CF-40AE-ADA7-202C20EC0151}.CD_ROM|Mixed Platforms.ActiveCfg = Release|Any CPU
		{57458B2B-E8CF-40AE-ADA7-202C20EC0151}.CD_ROM|Mixed Platforms.Build.0 = Release|Any CPU
		{57458B2B-E8CF-40AE-ADA7-202C20EC0151}.CD_ROM|x86.ActiveCfg = Release|Any CPU
		{57458B2B-E8CF-40AE-ADA7-202C20EC0151}.Debug|Any CPU.ActiveCfg = Debug|Any CPU
		{57458B2B-E8CF-40AE-ADA7-202C20EC0151}.Debug|Any CPU.Build.0 = Debug|Any CPU
		{57458B2B-E8CF-40AE-ADA7-202C20EC0151}.Debug|Mixed Platforms.ActiveCfg = Debug|Any CPU
		{57458B2B-E8CF-40AE-ADA7-202C20EC0151}.Debug|Mixed Platforms.Build.0 = Debug|Any CPU
		{57458B2B-E8CF-40AE-ADA7-202C20EC0151}.Debug|x86.ActiveCfg = Debug|Any CPU
		{57458B2B-E8CF-40AE-ADA7-202C20EC0151}.Debug|x86.Build.0 = Debug|Any CPU
		{57458B2B-E8CF-40AE-ADA7-202C20EC0151}.DVD-5|Any CPU.ActiveCfg = Debug|Any CPU
		{57458B2B-E8CF-40AE-ADA7-202C20EC0151}.DVD-5|Any CPU.Build.0 = Debug|Any CPU
		{57458B2B-E8CF-40AE-ADA7-202C20EC0151}.DVD-5|Mixed Platforms.ActiveCfg = Debug|Any CPU
		{57458B2B-E8CF-40AE-ADA7-202C20EC0151}.DVD-5|Mixed Platforms.Build.0 = Debug|Any CPU
		{57458B2B-E8CF-40AE-ADA7-202C20EC0151}.DVD-5|x86.ActiveCfg = Debug|Any CPU
		{57458B2B-E8CF-40AE-ADA7-202C20EC0151}.Release|Any CPU.ActiveCfg = Release|Any CPU
		{57458B2B-E8CF-40AE-ADA7-202C20EC0151}.Release|Any CPU.Build.0 = Release|Any CPU
		{57458B2B-E8CF-40AE-ADA7-202C20EC0151}.Release|Mixed Platforms.ActiveCfg = Release|Any CPU
		{57458B2B-E8CF-40AE-ADA7-202C20EC0151}.Release|Mixed Platforms.Build.0 = Release|Any CPU
		{57458B2B-E8CF-40AE-ADA7-202C20EC0151}.Release|x86.ActiveCfg = Release|Any CPU
		{57458B2B-E8CF-40AE-ADA7-202C20EC0151}.SingleImage|Any CPU.ActiveCfg = Release|Any CPU
		{57458B2B-E8CF-40AE-ADA7-202C20EC0151}.SingleImage|Any CPU.Build.0 = Release|Any CPU
		{57458B2B-E8CF-40AE-ADA7-202C20EC0151}.SingleImage|Mixed Platforms.ActiveCfg = Release|Any CPU
		{57458B2B-E8CF-40AE-ADA7-202C20EC0151}.SingleImage|Mixed Platforms.Build.0 = Release|Any CPU
		{57458B2B-E8CF-40AE-ADA7-202C20EC0151}.SingleImage|x86.ActiveCfg = Release|Any CPU
		{F3F5D383-9191-4936-8674-E816D503EB4A}.CD_ROM|Any CPU.ActiveCfg = Release|Any CPU
		{F3F5D383-9191-4936-8674-E816D503EB4A}.CD_ROM|Any CPU.Build.0 = Release|Any CPU
		{F3F5D383-9191-4936-8674-E816D503EB4A}.CD_ROM|Mixed Platforms.ActiveCfg = Release|Any CPU
		{F3F5D383-9191-4936-8674-E816D503EB4A}.CD_ROM|Mixed Platforms.Build.0 = Release|Any CPU
		{F3F5D383-9191-4936-8674-E816D503EB4A}.CD_ROM|x86.ActiveCfg = Release|Any CPU
		{F3F5D383-9191-4936-8674-E816D503EB4A}.Debug|Any CPU.ActiveCfg = Debug|Any CPU
		{F3F5D383-9191-4936-8674-E816D503EB4A}.Debug|Any CPU.Build.0 = Debug|Any CPU
		{F3F5D383-9191-4936-8674-E816D503EB4A}.Debug|Mixed Platforms.ActiveCfg = Debug|Any CPU
		{F3F5D383-9191-4936-8674-E816D503EB4A}.Debug|Mixed Platforms.Build.0 = Debug|Any CPU
		{F3F5D383-9191-4936-8674-E816D503EB4A}.Debug|x86.ActiveCfg = Debug|Any CPU
		{F3F5D383-9191-4936-8674-E816D503EB4A}.Debug|x86.Build.0 = Debug|Any CPU
		{F3F5D383-9191-4936-8674-E816D503EB4A}.DVD-5|Any CPU.ActiveCfg = Debug|Any CPU
		{F3F5D383-9191-4936-8674-E816D503EB4A}.DVD-5|Any CPU.Build.0 = Debug|Any CPU
		{F3F5D383-9191-4936-8674-E816D503EB4A}.DVD-5|Mixed Platforms.ActiveCfg = Debug|Any CPU
		{F3F5D383-9191-4936-8674-E816D503EB4A}.DVD-5|Mixed Platforms.Build.0 = Debug|Any CPU
		{F3F5D383-9191-4936-8674-E816D503EB4A}.DVD-5|x86.ActiveCfg = Debug|Any CPU
		{F3F5D383-9191-4936-8674-E816D503EB4A}.Release|Any CPU.ActiveCfg = Release|Any CPU
		{F3F5D383-9191-4936-8674-E816D503EB4A}.Release|Any CPU.Build.0 = Release|Any CPU
		{F3F5D383-9191-4936-8674-E816D503EB4A}.Release|Mixed Platforms.ActiveCfg = Release|Any CPU
		{F3F5D383-9191-4936-8674-E816D503EB4A}.Release|Mixed Platforms.Build.0 = Release|Any CPU
		{F3F5D383-9191-4936-8674-E816D503EB4A}.Release|x86.ActiveCfg = Release|Any CPU
		{F3F5D383-9191-4936-8674-E816D503EB4A}.SingleImage|Any CPU.ActiveCfg = Release|Any CPU
		{F3F5D383-9191-4936-8674-E816D503EB4A}.SingleImage|Any CPU.Build.0 = Release|Any CPU
		{F3F5D383-9191-4936-8674-E816D503EB4A}.SingleImage|Mixed Platforms.ActiveCfg = Release|Any CPU
		{F3F5D383-9191-4936-8674-E816D503EB4A}.SingleImage|Mixed Platforms.Build.0 = Release|Any CPU
		{F3F5D383-9191-4936-8674-E816D503EB4A}.SingleImage|x86.ActiveCfg = Release|Any CPU
		{EB18B49F-1D18-4E29-95E7-187D4FEE28BE}.CD_ROM|Any CPU.ActiveCfg = Release|Any CPU
		{EB18B49F-1D18-4E29-95E7-187D4FEE28BE}.CD_ROM|Any CPU.Build.0 = Release|Any CPU
		{EB18B49F-1D18-4E29-95E7-187D4FEE28BE}.CD_ROM|Mixed Platforms.ActiveCfg = Release|Any CPU
		{EB18B49F-1D18-4E29-95E7-187D4FEE28BE}.CD_ROM|Mixed Platforms.Build.0 = Release|Any CPU
		{EB18B49F-1D18-4E29-95E7-187D4FEE28BE}.CD_ROM|x86.ActiveCfg = Release|Any CPU
		{EB18B49F-1D18-4E29-95E7-187D4FEE28BE}.Debug|Any CPU.ActiveCfg = Debug|Any CPU
		{EB18B49F-1D18-4E29-95E7-187D4FEE28BE}.Debug|Any CPU.Build.0 = Debug|Any CPU
		{EB18B49F-1D18-4E29-95E7-187D4FEE28BE}.Debug|Mixed Platforms.ActiveCfg = Debug|Any CPU
		{EB18B49F-1D18-4E29-95E7-187D4FEE28BE}.Debug|Mixed Platforms.Build.0 = Debug|Any CPU
		{EB18B49F-1D18-4E29-95E7-187D4FEE28BE}.Debug|x86.ActiveCfg = Debug|Any CPU
		{EB18B49F-1D18-4E29-95E7-187D4FEE28BE}.Debug|x86.Build.0 = Debug|Any CPU
		{EB18B49F-1D18-4E29-95E7-187D4FEE28BE}.DVD-5|Any CPU.ActiveCfg = Debug|Any CPU
		{EB18B49F-1D18-4E29-95E7-187D4FEE28BE}.DVD-5|Any CPU.Build.0 = Debug|Any CPU
		{EB18B49F-1D18-4E29-95E7-187D4FEE28BE}.DVD-5|Mixed Platforms.ActiveCfg = Debug|Any CPU
		{EB18B49F-1D18-4E29-95E7-187D4FEE28BE}.DVD-5|Mixed Platforms.Build.0 = Debug|Any CPU
		{EB18B49F-1D18-4E29-95E7-187D4FEE28BE}.DVD-5|x86.ActiveCfg = Debug|Any CPU
		{EB18B49F-1D18-4E29-95E7-187D4FEE28BE}.Release|Any CPU.ActiveCfg = Release|Any CPU
		{EB18B49F-1D18-4E29-95E7-187D4FEE28BE}.Release|Any CPU.Build.0 = Release|Any CPU
		{EB18B49F-1D18-4E29-95E7-187D4FEE28BE}.Release|Mixed Platforms.ActiveCfg = Release|Any CPU
		{EB18B49F-1D18-4E29-95E7-187D4FEE28BE}.Release|Mixed Platforms.Build.0 = Release|Any CPU
		{EB18B49F-1D18-4E29-95E7-187D4FEE28BE}.Release|x86.ActiveCfg = Release|Any CPU
		{EB18B49F-1D18-4E29-95E7-187D4FEE28BE}.SingleImage|Any CPU.ActiveCfg = Release|Any CPU
		{EB18B49F-1D18-4E29-95E7-187D4FEE28BE}.SingleImage|Any CPU.Build.0 = Release|Any CPU
		{EB18B49F-1D18-4E29-95E7-187D4FEE28BE}.SingleImage|Mixed Platforms.ActiveCfg = Release|Any CPU
		{EB18B49F-1D18-4E29-95E7-187D4FEE28BE}.SingleImage|Mixed Platforms.Build.0 = Release|Any CPU
		{EB18B49F-1D18-4E29-95E7-187D4FEE28BE}.SingleImage|x86.ActiveCfg = Release|Any CPU
		{28FEC1FF-7CE7-403F-8D2B-B58C9CC742D2}.CD_ROM|Any CPU.ActiveCfg = Release|Any CPU
		{28FEC1FF-7CE7-403F-8D2B-B58C9CC742D2}.CD_ROM|Any CPU.Build.0 = Release|Any CPU
		{28FEC1FF-7CE7-403F-8D2B-B58C9CC742D2}.CD_ROM|Mixed Platforms.ActiveCfg = Release|Any CPU
		{28FEC1FF-7CE7-403F-8D2B-B58C9CC742D2}.CD_ROM|Mixed Platforms.Build.0 = Release|Any CPU
		{28FEC1FF-7CE7-403F-8D2B-B58C9CC742D2}.CD_ROM|x86.ActiveCfg = Release|Any CPU
		{28FEC1FF-7CE7-403F-8D2B-B58C9CC742D2}.Debug|Any CPU.ActiveCfg = Debug|Any CPU
		{28FEC1FF-7CE7-403F-8D2B-B58C9CC742D2}.Debug|Any CPU.Build.0 = Debug|Any CPU
		{28FEC1FF-7CE7-403F-8D2B-B58C9CC742D2}.Debug|Mixed Platforms.ActiveCfg = Debug|Any CPU
		{28FEC1FF-7CE7-403F-8D2B-B58C9CC742D2}.Debug|Mixed Platforms.Build.0 = Debug|Any CPU
		{28FEC1FF-7CE7-403F-8D2B-B58C9CC742D2}.Debug|x86.ActiveCfg = Debug|Any CPU
		{28FEC1FF-7CE7-403F-8D2B-B58C9CC742D2}.Debug|x86.Build.0 = Debug|Any CPU
		{28FEC1FF-7CE7-403F-8D2B-B58C9CC742D2}.DVD-5|Any CPU.ActiveCfg = Debug|Any CPU
		{28FEC1FF-7CE7-403F-8D2B-B58C9CC742D2}.DVD-5|Any CPU.Build.0 = Debug|Any CPU
		{28FEC1FF-7CE7-403F-8D2B-B58C9CC742D2}.DVD-5|Mixed Platforms.ActiveCfg = Debug|Any CPU
		{28FEC1FF-7CE7-403F-8D2B-B58C9CC742D2}.DVD-5|Mixed Platforms.Build.0 = Debug|Any CPU
		{28FEC1FF-7CE7-403F-8D2B-B58C9CC742D2}.DVD-5|x86.ActiveCfg = Debug|Any CPU
		{28FEC1FF-7CE7-403F-8D2B-B58C9CC742D2}.Release|Any CPU.ActiveCfg = Release|Any CPU
		{28FEC1FF-7CE7-403F-8D2B-B58C9CC742D2}.Release|Any CPU.Build.0 = Release|Any CPU
		{28FEC1FF-7CE7-403F-8D2B-B58C9CC742D2}.Release|Mixed Platforms.ActiveCfg = Release|Any CPU
		{28FEC1FF-7CE7-403F-8D2B-B58C9CC742D2}.Release|Mixed Platforms.Build.0 = Release|Any CPU
		{28FEC1FF-7CE7-403F-8D2B-B58C9CC742D2}.Release|x86.ActiveCfg = Release|Any CPU
		{28FEC1FF-7CE7-403F-8D2B-B58C9CC742D2}.SingleImage|Any CPU.ActiveCfg = Release|Any CPU
		{28FEC1FF-7CE7-403F-8D2B-B58C9CC742D2}.SingleImage|Any CPU.Build.0 = Release|Any CPU
		{28FEC1FF-7CE7-403F-8D2B-B58C9CC742D2}.SingleImage|Mixed Platforms.ActiveCfg = Release|Any CPU
		{28FEC1FF-7CE7-403F-8D2B-B58C9CC742D2}.SingleImage|Mixed Platforms.Build.0 = Release|Any CPU
		{28FEC1FF-7CE7-403F-8D2B-B58C9CC742D2}.SingleImage|x86.ActiveCfg = Release|Any CPU
		{EC7EDAB1-FE31-430F-8B6B-A7699F78DCC7}.CD_ROM|Any CPU.ActiveCfg = Release|Any CPU
		{EC7EDAB1-FE31-430F-8B6B-A7699F78DCC7}.CD_ROM|Any CPU.Build.0 = Release|Any CPU
		{EC7EDAB1-FE31-430F-8B6B-A7699F78DCC7}.CD_ROM|Mixed Platforms.ActiveCfg = Release|Any CPU
		{EC7EDAB1-FE31-430F-8B6B-A7699F78DCC7}.CD_ROM|Mixed Platforms.Build.0 = Release|Any CPU
		{EC7EDAB1-FE31-430F-8B6B-A7699F78DCC7}.CD_ROM|x86.ActiveCfg = Release|Any CPU
		{EC7EDAB1-FE31-430F-8B6B-A7699F78DCC7}.Debug|Any CPU.ActiveCfg = Debug|Any CPU
		{EC7EDAB1-FE31-430F-8B6B-A7699F78DCC7}.Debug|Any CPU.Build.0 = Debug|Any CPU
		{EC7EDAB1-FE31-430F-8B6B-A7699F78DCC7}.Debug|Mixed Platforms.ActiveCfg = Debug|Any CPU
		{EC7EDAB1-FE31-430F-8B6B-A7699F78DCC7}.Debug|Mixed Platforms.Build.0 = Debug|Any CPU
		{EC7EDAB1-FE31-430F-8B6B-A7699F78DCC7}.Debug|x86.ActiveCfg = Debug|Any CPU
		{EC7EDAB1-FE31-430F-8B6B-A7699F78DCC7}.Debug|x86.Build.0 = Debug|Any CPU
		{EC7EDAB1-FE31-430F-8B6B-A7699F78DCC7}.DVD-5|Any CPU.ActiveCfg = Debug|Any CPU
		{EC7EDAB1-FE31-430F-8B6B-A7699F78DCC7}.DVD-5|Any CPU.Build.0 = Debug|Any CPU
		{EC7EDAB1-FE31-430F-8B6B-A7699F78DCC7}.DVD-5|Mixed Platforms.ActiveCfg = Debug|Any CPU
		{EC7EDAB1-FE31-430F-8B6B-A7699F78DCC7}.DVD-5|Mixed Platforms.Build.0 = Debug|Any CPU
		{EC7EDAB1-FE31-430F-8B6B-A7699F78DCC7}.DVD-5|x86.ActiveCfg = Debug|Any CPU
		{EC7EDAB1-FE31-430F-8B6B-A7699F78DCC7}.Release|Any CPU.ActiveCfg = Release|Any CPU
		{EC7EDAB1-FE31-430F-8B6B-A7699F78DCC7}.Release|Any CPU.Build.0 = Release|Any CPU
		{EC7EDAB1-FE31-430F-8B6B-A7699F78DCC7}.Release|Mixed Platforms.ActiveCfg = Release|Any CPU
		{EC7EDAB1-FE31-430F-8B6B-A7699F78DCC7}.Release|Mixed Platforms.Build.0 = Release|Any CPU
		{EC7EDAB1-FE31-430F-8B6B-A7699F78DCC7}.Release|x86.ActiveCfg = Release|Any CPU
		{EC7EDAB1-FE31-430F-8B6B-A7699F78DCC7}.SingleImage|Any CPU.ActiveCfg = Release|Any CPU
		{EC7EDAB1-FE31-430F-8B6B-A7699F78DCC7}.SingleImage|Any CPU.Build.0 = Release|Any CPU
		{EC7EDAB1-FE31-430F-8B6B-A7699F78DCC7}.SingleImage|Mixed Platforms.ActiveCfg = Release|Any CPU
		{EC7EDAB1-FE31-430F-8B6B-A7699F78DCC7}.SingleImage|Mixed Platforms.Build.0 = Release|Any CPU
		{EC7EDAB1-FE31-430F-8B6B-A7699F78DCC7}.SingleImage|x86.ActiveCfg = Release|Any CPU
		{1C811F32-3883-489E-901D-E1B2CF490A9F}.CD_ROM|Any CPU.ActiveCfg = Release|Any CPU
		{1C811F32-3883-489E-901D-E1B2CF490A9F}.CD_ROM|Any CPU.Build.0 = Release|Any CPU
		{1C811F32-3883-489E-901D-E1B2CF490A9F}.CD_ROM|Mixed Platforms.ActiveCfg = Release|x86
		{1C811F32-3883-489E-901D-E1B2CF490A9F}.CD_ROM|Mixed Platforms.Build.0 = Release|x86
		{1C811F32-3883-489E-901D-E1B2CF490A9F}.CD_ROM|x86.ActiveCfg = Release|x86
		{1C811F32-3883-489E-901D-E1B2CF490A9F}.CD_ROM|x86.Build.0 = Release|x86
		{1C811F32-3883-489E-901D-E1B2CF490A9F}.Debug|Any CPU.ActiveCfg = Debug|Any CPU
		{1C811F32-3883-489E-901D-E1B2CF490A9F}.Debug|Any CPU.Build.0 = Debug|Any CPU
		{1C811F32-3883-489E-901D-E1B2CF490A9F}.Debug|Mixed Platforms.ActiveCfg = Debug|Any CPU
		{1C811F32-3883-489E-901D-E1B2CF490A9F}.Debug|Mixed Platforms.Build.0 = Debug|Any CPU
		{1C811F32-3883-489E-901D-E1B2CF490A9F}.Debug|x86.ActiveCfg = Debug|x86
		{1C811F32-3883-489E-901D-E1B2CF490A9F}.Debug|x86.Build.0 = Debug|x86
		{1C811F32-3883-489E-901D-E1B2CF490A9F}.DVD-5|Any CPU.ActiveCfg = Debug|Any CPU
		{1C811F32-3883-489E-901D-E1B2CF490A9F}.DVD-5|Any CPU.Build.0 = Debug|Any CPU
		{1C811F32-3883-489E-901D-E1B2CF490A9F}.DVD-5|Mixed Platforms.ActiveCfg = Debug|x86
		{1C811F32-3883-489E-901D-E1B2CF490A9F}.DVD-5|Mixed Platforms.Build.0 = Debug|x86
		{1C811F32-3883-489E-901D-E1B2CF490A9F}.DVD-5|x86.ActiveCfg = Debug|x86
		{1C811F32-3883-489E-901D-E1B2CF490A9F}.DVD-5|x86.Build.0 = Debug|x86
		{1C811F32-3883-489E-901D-E1B2CF490A9F}.Release|Any CPU.ActiveCfg = Release|x86
		{1C811F32-3883-489E-901D-E1B2CF490A9F}.Release|Any CPU.Build.0 = Release|x86
		{1C811F32-3883-489E-901D-E1B2CF490A9F}.Release|Mixed Platforms.ActiveCfg = Release|x86
		{1C811F32-3883-489E-901D-E1B2CF490A9F}.Release|Mixed Platforms.Build.0 = Release|x86
		{1C811F32-3883-489E-901D-E1B2CF490A9F}.Release|x86.ActiveCfg = Release|x86
		{1C811F32-3883-489E-901D-E1B2CF490A9F}.Release|x86.Build.0 = Release|x86
		{1C811F32-3883-489E-901D-E1B2CF490A9F}.SingleImage|Any CPU.ActiveCfg = Release|Any CPU
		{1C811F32-3883-489E-901D-E1B2CF490A9F}.SingleImage|Any CPU.Build.0 = Release|Any CPU
		{1C811F32-3883-489E-901D-E1B2CF490A9F}.SingleImage|Mixed Platforms.ActiveCfg = Release|x86
		{1C811F32-3883-489E-901D-E1B2CF490A9F}.SingleImage|Mixed Platforms.Build.0 = Release|x86
		{1C811F32-3883-489E-901D-E1B2CF490A9F}.SingleImage|x86.ActiveCfg = Release|x86
		{1C811F32-3883-489E-901D-E1B2CF490A9F}.SingleImage|x86.Build.0 = Release|x86
		{73F9A043-3522-4CB3-8BAF-405E891E3ADE}.CD_ROM|Any CPU.ActiveCfg = Release|x86
		{73F9A043-3522-4CB3-8BAF-405E891E3ADE}.CD_ROM|Mixed Platforms.ActiveCfg = Release|x86
		{73F9A043-3522-4CB3-8BAF-405E891E3ADE}.CD_ROM|Mixed Platforms.Build.0 = Release|x86
		{73F9A043-3522-4CB3-8BAF-405E891E3ADE}.CD_ROM|x86.ActiveCfg = Release|x86
		{73F9A043-3522-4CB3-8BAF-405E891E3ADE}.CD_ROM|x86.Build.0 = Release|x86
		{73F9A043-3522-4CB3-8BAF-405E891E3ADE}.Debug|Any CPU.ActiveCfg = Debug|x86
		{73F9A043-3522-4CB3-8BAF-405E891E3ADE}.Debug|Mixed Platforms.ActiveCfg = Debug|x86
		{73F9A043-3522-4CB3-8BAF-405E891E3ADE}.Debug|Mixed Platforms.Build.0 = Debug|x86
		{73F9A043-3522-4CB3-8BAF-405E891E3ADE}.Debug|x86.ActiveCfg = Debug|x86
		{73F9A043-3522-4CB3-8BAF-405E891E3ADE}.Debug|x86.Build.0 = Debug|x86
		{73F9A043-3522-4CB3-8BAF-405E891E3ADE}.DVD-5|Any CPU.ActiveCfg = Debug|x86
		{73F9A043-3522-4CB3-8BAF-405E891E3ADE}.DVD-5|Mixed Platforms.ActiveCfg = Debug|x86
		{73F9A043-3522-4CB3-8BAF-405E891E3ADE}.DVD-5|Mixed Platforms.Build.0 = Debug|x86
		{73F9A043-3522-4CB3-8BAF-405E891E3ADE}.DVD-5|x86.ActiveCfg = Debug|x86
		{73F9A043-3522-4CB3-8BAF-405E891E3ADE}.DVD-5|x86.Build.0 = Debug|x86
		{73F9A043-3522-4CB3-8BAF-405E891E3ADE}.Release|Any CPU.ActiveCfg = Release|x86
		{73F9A043-3522-4CB3-8BAF-405E891E3ADE}.Release|Mixed Platforms.ActiveCfg = Release|x86
		{73F9A043-3522-4CB3-8BAF-405E891E3ADE}.Release|Mixed Platforms.Build.0 = Release|x86
		{73F9A043-3522-4CB3-8BAF-405E891E3ADE}.Release|x86.ActiveCfg = Release|x86
		{73F9A043-3522-4CB3-8BAF-405E891E3ADE}.Release|x86.Build.0 = Release|x86
		{73F9A043-3522-4CB3-8BAF-405E891E3ADE}.SingleImage|Any CPU.ActiveCfg = Release|x86
		{73F9A043-3522-4CB3-8BAF-405E891E3ADE}.SingleImage|Mixed Platforms.ActiveCfg = Release|x86
		{73F9A043-3522-4CB3-8BAF-405E891E3ADE}.SingleImage|Mixed Platforms.Build.0 = Release|x86
		{73F9A043-3522-4CB3-8BAF-405E891E3ADE}.SingleImage|x86.ActiveCfg = Release|x86
		{73F9A043-3522-4CB3-8BAF-405E891E3ADE}.SingleImage|x86.Build.0 = Release|x86
		{F09253DC-0503-4537-8199-3A4D32EA7726}.CD_ROM|Any CPU.ActiveCfg = Release
		{F09253DC-0503-4537-8199-3A4D32EA7726}.CD_ROM|Any CPU.Build.0 = Release
		{F09253DC-0503-4537-8199-3A4D32EA7726}.CD_ROM|Mixed Platforms.ActiveCfg = Release
		{F09253DC-0503-4537-8199-3A4D32EA7726}.CD_ROM|Mixed Platforms.Build.0 = Release
		{F09253DC-0503-4537-8199-3A4D32EA7726}.CD_ROM|x86.ActiveCfg = Release
		{F09253DC-0503-4537-8199-3A4D32EA7726}.CD_ROM|x86.Build.0 = Release
		{F09253DC-0503-4537-8199-3A4D32EA7726}.Debug|Any CPU.ActiveCfg = Debug
		{F09253DC-0503-4537-8199-3A4D32EA7726}.Debug|Any CPU.Build.0 = Debug
		{F09253DC-0503-4537-8199-3A4D32EA7726}.Debug|Mixed Platforms.ActiveCfg = Debug
		{F09253DC-0503-4537-8199-3A4D32EA7726}.Debug|Mixed Platforms.Build.0 = Debug
		{F09253DC-0503-4537-8199-3A4D32EA7726}.Debug|x86.ActiveCfg = Debug
		{F09253DC-0503-4537-8199-3A4D32EA7726}.Debug|x86.Build.0 = Debug
		{F09253DC-0503-4537-8199-3A4D32EA7726}.DVD-5|Any CPU.ActiveCfg = Debug
		{F09253DC-0503-4537-8199-3A4D32EA7726}.DVD-5|Any CPU.Build.0 = Debug
		{F09253DC-0503-4537-8199-3A4D32EA7726}.DVD-5|Mixed Platforms.ActiveCfg = Debug
		{F09253DC-0503-4537-8199-3A4D32EA7726}.DVD-5|Mixed Platforms.Build.0 = Debug
		{F09253DC-0503-4537-8199-3A4D32EA7726}.DVD-5|x86.ActiveCfg = Debug
		{F09253DC-0503-4537-8199-3A4D32EA7726}.DVD-5|x86.Build.0 = Debug
		{F09253DC-0503-4537-8199-3A4D32EA7726}.Release|Any CPU.ActiveCfg = Release
		{F09253DC-0503-4537-8199-3A4D32EA7726}.Release|Any CPU.Build.0 = Release
		{F09253DC-0503-4537-8199-3A4D32EA7726}.Release|Mixed Platforms.ActiveCfg = Release
		{F09253DC-0503-4537-8199-3A4D32EA7726}.Release|Mixed Platforms.Build.0 = Release
		{F09253DC-0503-4537-8199-3A4D32EA7726}.Release|x86.ActiveCfg = Release
		{F09253DC-0503-4537-8199-3A4D32EA7726}.Release|x86.Build.0 = Release
		{F09253DC-0503-4537-8199-3A4D32EA7726}.SingleImage|Any CPU.ActiveCfg = Release
		{F09253DC-0503-4537-8199-3A4D32EA7726}.SingleImage|Any CPU.Build.0 = Release
		{F09253DC-0503-4537-8199-3A4D32EA7726}.SingleImage|Mixed Platforms.ActiveCfg = Release
		{F09253DC-0503-4537-8199-3A4D32EA7726}.SingleImage|Mixed Platforms.Build.0 = Release
		{F09253DC-0503-4537-8199-3A4D32EA7726}.SingleImage|x86.ActiveCfg = Release
		{F09253DC-0503-4537-8199-3A4D32EA7726}.SingleImage|x86.Build.0 = Release
		{615DBB97-89E7-4934-8B68-E6AF23DA38A9}.CD_ROM|Any CPU.ActiveCfg = Release
		{615DBB97-89E7-4934-8B68-E6AF23DA38A9}.CD_ROM|Any CPU.Build.0 = Release
		{615DBB97-89E7-4934-8B68-E6AF23DA38A9}.CD_ROM|Mixed Platforms.ActiveCfg = Release
		{615DBB97-89E7-4934-8B68-E6AF23DA38A9}.CD_ROM|Mixed Platforms.Build.0 = Release
		{615DBB97-89E7-4934-8B68-E6AF23DA38A9}.CD_ROM|x86.ActiveCfg = Release
		{615DBB97-89E7-4934-8B68-E6AF23DA38A9}.CD_ROM|x86.Build.0 = Release
		{615DBB97-89E7-4934-8B68-E6AF23DA38A9}.Debug|Any CPU.ActiveCfg = Debug
		{615DBB97-89E7-4934-8B68-E6AF23DA38A9}.Debug|Any CPU.Build.0 = Debug
		{615DBB97-89E7-4934-8B68-E6AF23DA38A9}.Debug|Mixed Platforms.ActiveCfg = Debug
		{615DBB97-89E7-4934-8B68-E6AF23DA38A9}.Debug|Mixed Platforms.Build.0 = Debug
		{615DBB97-89E7-4934-8B68-E6AF23DA38A9}.Debug|x86.ActiveCfg = Debug
		{615DBB97-89E7-4934-8B68-E6AF23DA38A9}.Debug|x86.Build.0 = Debug
		{615DBB97-89E7-4934-8B68-E6AF23DA38A9}.DVD-5|Any CPU.ActiveCfg = Debug
		{615DBB97-89E7-4934-8B68-E6AF23DA38A9}.DVD-5|Any CPU.Build.0 = Debug
		{615DBB97-89E7-4934-8B68-E6AF23DA38A9}.DVD-5|Mixed Platforms.ActiveCfg = Debug
		{615DBB97-89E7-4934-8B68-E6AF23DA38A9}.DVD-5|Mixed Platforms.Build.0 = Debug
		{615DBB97-89E7-4934-8B68-E6AF23DA38A9}.DVD-5|x86.ActiveCfg = Debug
		{615DBB97-89E7-4934-8B68-E6AF23DA38A9}.DVD-5|x86.Build.0 = Debug
		{615DBB97-89E7-4934-8B68-E6AF23DA38A9}.Release|Any CPU.ActiveCfg = Release
		{615DBB97-89E7-4934-8B68-E6AF23DA38A9}.Release|Any CPU.Build.0 = Release
		{615DBB97-89E7-4934-8B68-E6AF23DA38A9}.Release|Mixed Platforms.ActiveCfg = Release
		{615DBB97-89E7-4934-8B68-E6AF23DA38A9}.Release|Mixed Platforms.Build.0 = Release
		{615DBB97-89E7-4934-8B68-E6AF23DA38A9}.Release|x86.ActiveCfg = Release
		{615DBB97-89E7-4934-8B68-E6AF23DA38A9}.Release|x86.Build.0 = Release
		{615DBB97-89E7-4934-8B68-E6AF23DA38A9}.SingleImage|Any CPU.ActiveCfg = Release
		{615DBB97-89E7-4934-8B68-E6AF23DA38A9}.SingleImage|Any CPU.Build.0 = Release
		{615DBB97-89E7-4934-8B68-E6AF23DA38A9}.SingleImage|Mixed Platforms.ActiveCfg = Release
		{615DBB97-89E7-4934-8B68-E6AF23DA38A9}.SingleImage|Mixed Platforms.Build.0 = Release
		{615DBB97-89E7-4934-8B68-E6AF23DA38A9}.SingleImage|x86.ActiveCfg = Release
		{615DBB97-89E7-4934-8B68-E6AF23DA38A9}.SingleImage|x86.Build.0 = Release
	EndGlobalSection
	GlobalSection(SolutionProperties) = preSolution
		HideSolutionNode = FALSE
	EndGlobalSection
	GlobalSection(NestedProjects) = preSolution
		{F3F5D383-9191-4936-8674-E816D503EB4A} = {7B3F1778-92B7-4AAB-ADAF-761BD7E3A976}
		{EB18B49F-1D18-4E29-95E7-187D4FEE28BE} = {7B3F1778-92B7-4AAB-ADAF-761BD7E3A976}
		{28FEC1FF-7CE7-403F-8D2B-B58C9CC742D2} = {7B3F1778-92B7-4AAB-ADAF-761BD7E3A976}
		{57458B2B-E8CF-40AE-ADA7-202C20EC0151} = {45203DDE-9398-46B3-8796-8DE5405DF7E1}
		{EC7EDAB1-FE31-430F-8B6B-A7699F78DCC7} = {3B0AE912-A343-487E-88C0-B7950DEE4275}
		{226DDB40-6EDC-4049-A9AA-7A1786858761} = {03A4C514-993D-459C-88C4-41F59F7D230C}
		{1C811F32-3883-489E-901D-E1B2CF490A9F} = {226DDB40-6EDC-4049-A9AA-7A1786858761}
		{F09253DC-0503-4537-8199-3A4D32EA7726} = {226DDB40-6EDC-4049-A9AA-7A1786858761}
		{615DBB97-89E7-4934-8B68-E6AF23DA38A9} = {226DDB40-6EDC-4049-A9AA-7A1786858761}
	EndGlobalSection
EndGlobal
